// !$*UTF8*$!
{
	archiveVersion = 1;
	classes = {
	};
	objectVersion = 50;
	objects = {

/* Begin PBXBuildFile section */
		08551E9D258E5AC2003F1FE8 /* AppDelegate.swift in Sources */ = {isa = PBXBuildFile; fileRef = 08551E9C258E5AC2003F1FE8 /* AppDelegate.swift */; };
		08551E9F258E5AC2003F1FE8 /* SceneDelegate.swift in Sources */ = {isa = PBXBuildFile; fileRef = 08551E9E258E5AC2003F1FE8 /* SceneDelegate.swift */; };
		08551EA1258E5AC2003F1FE8 /* ViewController.swift in Sources */ = {isa = PBXBuildFile; fileRef = 08551EA0258E5AC2003F1FE8 /* ViewController.swift */; };
		08551EA4258E5AC2003F1FE8 /* Main.storyboard in Resources */ = {isa = PBXBuildFile; fileRef = 08551EA2258E5AC2003F1FE8 /* Main.storyboard */; };
		08551EA6258E5AC5003F1FE8 /* Assets.xcassets in Resources */ = {isa = PBXBuildFile; fileRef = 08551EA5258E5AC5003F1FE8 /* Assets.xcassets */; };
		08551EA9258E5AC5003F1FE8 /* LaunchScreen.storyboard in Resources */ = {isa = PBXBuildFile; fileRef = 08551EA7258E5AC5003F1FE8 /* LaunchScreen.storyboard */; };
		08DACCE8258E60A800C6A1EF /* TextFieldPadding.swift in Sources */ = {isa = PBXBuildFile; fileRef = 08DACCE7258E60A800C6A1EF /* TextFieldPadding.swift */; };
		08DACCEA258E60D800C6A1EF /* TextViewPadding.swift in Sources */ = {isa = PBXBuildFile; fileRef = 08DACCE9258E60D800C6A1EF /* TextViewPadding.swift */; };
/* End PBXBuildFile section */

/* Begin PBXFileReference section */
		08551E99258E5AC2003F1FE8 /* Padding.app */ = {isa = PBXFileReference; explicitFileType = wrapper.application; includeInIndex = 0; path = Padding.app; sourceTree = BUILT_PRODUCTS_DIR; };
		08551E9C258E5AC2003F1FE8 /* AppDelegate.swift */ = {isa = PBXFileReference; lastKnownFileType = sourcecode.swift; path = AppDelegate.swift; sourceTree = "<group>"; };
		08551E9E258E5AC2003F1FE8 /* SceneDelegate.swift */ = {isa = PBXFileReference; lastKnownFileType = sourcecode.swift; path = SceneDelegate.swift; sourceTree = "<group>"; };
		08551EA0258E5AC2003F1FE8 /* ViewController.swift */ = {isa = PBXFileReference; lastKnownFileType = sourcecode.swift; path = ViewController.swift; sourceTree = "<group>"; };
		08551EA3258E5AC2003F1FE8 /* Base */ = {isa = PBXFileReference; lastKnownFileType = file.storyboard; name = Base; path = Base.lproj/Main.storyboard; sourceTree = "<group>"; };
		08551EA5258E5AC5003F1FE8 /* Assets.xcassets */ = {isa = PBXFileReference; lastKnownFileType = folder.assetcatalog; path = Assets.xcassets; sourceTree = "<group>"; };
		08551EA8258E5AC5003F1FE8 /* Base */ = {isa = PBXFileReference; lastKnownFileType = file.storyboard; name = Base; path = Base.lproj/LaunchScreen.storyboard; sourceTree = "<group>"; };
		08551EAA258E5AC5003F1FE8 /* Info.plist */ = {isa = PBXFileReference; lastKnownFileType = text.plist.xml; path = Info.plist; sourceTree = "<group>"; };
		08DACCE7258E60A800C6A1EF /* TextFieldPadding.swift */ = {isa = PBXFileReference; lastKnownFileType = sourcecode.swift; path = TextFieldPadding.swift; sourceTree = "<group>"; };
		08DACCE9258E60D800C6A1EF /* TextViewPadding.swift */ = {isa = PBXFileReference; lastKnownFileType = sourcecode.swift; path = TextViewPadding.swift; sourceTree = "<group>"; };
/* End PBXFileReference section */

/* Begin PBXFrameworksBuildPhase section */
		08551E96258E5AC2003F1FE8 /* Frameworks */ = {
			isa = PBXFrameworksBuildPhase;
			buildActionMask = 2147483647;
			files = (
			);
			runOnlyForDeploymentPostprocessing = 0;
		};
/* End PBXFrameworksBuildPhase section */

/* Begin PBXGroup section */
		08551E90258E5AC2003F1FE8 = {
			isa = PBXGroup;
			children = (
				08551E9B258E5AC2003F1FE8 /* Padding */,
				08551E9A258E5AC2003F1FE8 /* Products */,
			);
			sourceTree = "<group>";
		};
		08551E9A258E5AC2003F1FE8 /* Products */ = {
			isa = PBXGroup;
			children = (
				08551E99258E5AC2003F1FE8 /* Padding.app */,
			);
			name = Products;
			sourceTree = "<group>";
		};
		08551E9B258E5AC2003F1FE8 /* Padding */ = {
			isa = PBXGroup;
			children = (
				08551E9C258E5AC2003F1FE8 /* AppDelegate.swift */,
				08551E9E258E5AC2003F1FE8 /* SceneDelegate.swift */,
				08551EA0258E5AC2003F1FE8 /* ViewController.swift */,
				08551EA2258E5AC2003F1FE8 /* Main.storyboard */,
				08551EA5258E5AC5003F1FE8 /* Assets.xcassets */,
				08551EA7258E5AC5003F1FE8 /* LaunchScreen.storyboard */,
				08551EAA258E5AC5003F1FE8 /* Info.plist */,
				08DACCE7258E60A800C6A1EF /* TextFieldPadding.swift */,
				08DACCE9258E60D800C6A1EF /* TextViewPadding.swift */,
			);
			path = Padding;
			sourceTree = "<group>";
		};
/* End PBXGroup section */

/* Begin PBXNativeTarget section */
		08551E98258E5AC2003F1FE8 /* Padding */ = {
			isa = PBXNativeTarget;
			buildConfigurationList = 08551EAD258E5AC5003F1FE8 /* Build configuration list for PBXNativeTarget "Padding" */;
			buildPhases = (
				08551E95258E5AC2003F1FE8 /* Sources */,
				08551E96258E5AC2003F1FE8 /* Frameworks */,
				08551E97258E5AC2003F1FE8 /* Resources */,
			);
			buildRules = (
			);
			dependencies = (
			);
			name = Padding;
			productName = Padding;
			productReference = 08551E99258E5AC2003F1FE8 /* Padding.app */;
			productType = "com.apple.product-type.application";
		};
/* End PBXNativeTarget section */

/* Begin PBXProject section */
		08551E91258E5AC2003F1FE8 /* Project object */ = {
			isa = PBXProject;
			attributes = {
				LastSwiftUpdateCheck = 1160;
				LastUpgradeCheck = 1160;
				ORGANIZATIONNAME = "vaibhav sharma";
				TargetAttributes = {
					08551E98258E5AC2003F1FE8 = {
						CreatedOnToolsVersion = 11.6;
					};
				};
			};
			buildConfigurationList = 08551E94258E5AC2003F1FE8 /* Build configuration list for PBXProject "Padding" */;
			compatibilityVersion = "Xcode 9.3";
			developmentRegion = en;
			hasScannedForEncodings = 0;
			knownRegions = (
				en,
				Base,
			);
			mainGroup = 08551E90258E5AC2003F1FE8;
			productRefGroup = 08551E9A258E5AC2003F1FE8 /* Products */;
			projectDirPath = "";
			projectRoot = "";
			targets = (
				08551E98258E5AC2003F1FE8 /* Padding */,
			);
		};
/* End PBXProject section */

/* Begin PBXResourcesBuildPhase section */
		08551E97258E5AC2003F1FE8 /* Resources */ = {
			isa = PBXResourcesBuildPhase;
			buildActionMask = 2147483647;
			files = (
				08551EA9258E5AC5003F1FE8 /* LaunchScreen.storyboard in Resources */,
				08551EA6258E5AC5003F1FE8 /* Assets.xcassets in Resources */,
				08551EA4258E5AC2003F1FE8 /* Main.storyboard in Resources */,
			);
			runOnlyForDeploymentPostprocessing = 0;
		};
/* End PBXResourcesBuildPhase section */

/* Begin PBXSourcesBuildPhase section */
		08551E95258E5AC2003F1FE8 /* Sources */ = {
			isa = PBXSourcesBuildPhase;
			buildActionMask = 2147483647;
			files = (
				08551EA1258E5AC2003F1FE8 /* ViewController.swift in Sources */,
				08DACCE8258E60A800C6A1EF /* TextFieldPadding.swift in Sources */,
				08DACCEA258E60D800C6A1EF /* TextViewPadding.swift in Sources */,
				08551E9D258E5AC2003F1FE8 /* AppDelegate.swift in Sources */,
				08551E9F258E5AC2003F1FE8 /* SceneDelegate.swift in Sources */,
			);
			runOnlyForDeploymentPostprocessing = 0;
		};
/* End PBXSourcesBuildPhase section */

/* Begin PBXVariantGroup section */
		08551EA2258E5AC2003F1FE8 /* Main.storyboard */ = {
			isa = PBXVariantGroup;
			children = (
				08551EA3258E5AC2003F1FE8 /* Base */,
			);
			name = Main.storyboard;
			sourceTree = "<group>";
		};
		08551EA7258E5AC5003F1FE8 /* LaunchScreen.storyboard */ = {
			isa = PBXVariantGroup;
			children = (
				08551EA8258E5AC5003F1FE8 /* Base */,
			);
			name = LaunchScreen.storyboard;
			sourceTree = "<group>";
		};
/* End PBXVariantGroup section */

/* Begin XCBuildConfiguration section */
		08551EAB258E5AC5003F1FE8 /* Debug */ = {
			isa = XCBuildConfiguration;
			buildSettings = {
				ALWAYS_SEARCH_USER_PATHS = NO;
				CLANG_ANALYZER_NONNULL = YES;
				CLANG_ANALYZER_NUMBER_OBJECT_CONVERSION = YES_AGGRESSIVE;
				CLANG_CXX_LANGUAGE_STANDARD = "gnu++14";
				CLANG_CXX_LIBRARY = "libc++";
				CLANG_ENABLE_MODULES = YES;
				CLANG_ENABLE_OBJC_ARC = YES;
				CLANG_ENABLE_OBJC_WEAK = YES;
				CLANG_WARN_BLOCK_CAPTURE_AUTORELEASING = YES;
				CLANG_WARN_BOOL_CONVERSION = YES;
				CLANG_WARN_COMMA = YES;
				CLANG_WARN_CONSTANT_CONVERSION = YES;
				CLANG_WARN_DEPRECATED_OBJC_IMPLEMENTATIONS = YES;
				CLANG_WARN_DIRECT_OBJC_ISA_USAGE = YES_ERROR;
				CLANG_WARN_DOCUMENTATION_COMMENTS = YES;
				CLANG_WARN_EMPTY_BODY = YES;
				CLANG_WARN_ENUM_CONVERSION = YES;
				CLANG_WARN_INFINITE_RECURSION = YES;
				CLANG_WARN_INT_CONVERSION = YES;
				CLANG_WARN_NON_LITERAL_NULL_CONVERSION = YES;
				CLANG_WARN_OBJC_IMPLICIT_RETAIN_SELF = YES;
				CLANG_WARN_OBJC_LITERAL_CONVERSION = YES;
				CLANG_WARN_OBJC_ROOT_CLASS = YES_ERROR;
				CLANG_WARN_RANGE_LOOP_ANALYSIS = YES;
				CLANG_WARN_STRICT_PROTOTYPES = YES;
				CLANG_WARN_SUSPICIOUS_MOVE = YES;
				CLANG_WARN_UNGUARDED_AVAILABILITY = YES_AGGRESSIVE;
				CLANG_WARN_UNREACHABLE_CODE = YES;
				CLANG_WARN__DUPLICATE_METHOD_MATCH = YES;
				COPY_PHASE_STRIP = NO;
				DEBUG_INFORMATION_FORMAT = dwarf;
				ENABLE_STRICT_OBJC_MSGSEND = YES;
				ENABLE_TESTABILITY = YES;
				GCC_C_LANGUAGE_STANDARD = gnu11;
				GCC_DYNAMIC_NO_PIC = NO;
				GCC_NO_COMMON_BLOCKS = YES;
				GCC_OPTIMIZATION_LEVEL = 0;
				GCC_PREPROCESSOR_DEFINITIONS = (
					"DEBUG=1",
					"$(inherited)",
				);
				GCC_WARN_64_TO_32_BIT_CONVERSION = YES;
				GCC_WARN_ABOUT_RETURN_TYPE = YES_ERROR;
				GCC_WARN_UNDECLARED_SELECTOR = YES;
				GCC_WARN_UNINITIALIZED_AUTOS = YES_AGGRESSIVE;
				GCC_WARN_UNUSED_FUNCTION = YES;
				GCC_WARN_UNUSED_VARIABLE = YES;
				IPHONEOS_DEPLOYMENT_TARGET = 13.6;
				MTL_ENABLE_DEBUG_INFO = INCLUDE_SOURCE;
				MTL_FAST_MATH = YES;
				ONLY_ACTIVE_ARCH = YES;
				SDKROOT = iphoneos;
				SWIFT_ACTIVE_COMPILATION_CONDITIONS = DEBUG;
				SWIFT_OPTIMIZATION_LEVEL = "-Onone";
			};
			name = Debug;
		};
		08551EAC258E5AC5003F1FE8 /* Release */ = {
			isa = XCBuildConfiguration;
			buildSettings = {
				ALWAYS_SEARCH_USER_PATHS = NO;
				CLANG_ANALYZER_NONNULL = YES;
				CLANG_ANALYZER_NUMBER_OBJECT_CONVERSION = YES_AGGRESSIVE;
				CLANG_CXX_LANGUAGE_STANDARD = "gnu++14";
				CLANG_CXX_LIBRARY = "libc++";
				CLANG_ENABLE_MODULES = YES;
				CLANG_ENABLE_OBJC_ARC = YES;
				CLANG_ENABLE_OBJC_WEAK = YES;
				CLANG_WARN_BLOCK_CAPTURE_AUTORELEASING = YES;
				CLANG_WARN_BOOL_CONVERSION = YES;
				CLANG_WARN_COMMA = YES;
				CLANG_WARN_CONSTANT_CONVERSION = YES;
				CLANG_WARN_DEPRECATED_OBJC_IMPLEMENTATIONS = YES;
				CLANG_WARN_DIRECT_OBJC_ISA_USAGE = YES_ERROR;
				CLANG_WARN_DOCUMENTATION_COMMENTS = YES;
				CLANG_WARN_EMPTY_BODY = YES;
				CLANG_WARN_ENUM_CONVERSION = YES;
				CLANG_WARN_INFINITE_RECURSION = YES;
				CLANG_WARN_INT_CONVERSION = YES;
				CLANG_WARN_NON_LITERAL_NULL_CONVERSION = YES;
				CLANG_WARN_OBJC_IMPLICIT_RETAIN_SELF = YES;
				CLANG_WARN_OBJC_LITERAL_CONVERSION = YES;
				CLANG_WARN_OBJC_ROOT_CLASS = YES_ERROR;
				CLANG_WARN_RANGE_LOOP_ANALYSIS = YES;
				CLANG_WARN_STRICT_PROTOTYPES = YES;
				CLANG_WARN_SUSPICIOUS_MOVE = YES;
				CLANG_WARN_UNGUARDED_AVAILABILITY = YES_AGGRESSIVE;
				CLANG_WARN_UNREACHABLE_CODE = YES;
				CLANG_WARN__DUPLICATE_METHOD_MATCH = YES;
				COPY_PHASE_STRIP = NO;
				DEBUG_INFORMATION_FORMAT = "dwarf-with-dsym";
				ENABLE_NS_ASSERTIONS = NO;
				ENABLE_STRICT_OBJC_MSGSEND = YES;
				GCC_C_LANGUAGE_STANDARD = gnu11;
				GCC_NO_COMMON_BLOCKS = YES;
				GCC_WARN_64_TO_32_BIT_CONVERSION = YES;
				GCC_WARN_ABOUT_RETURN_TYPE = YES_ERROR;
				GCC_WARN_UNDECLARED_SELECTOR = YES;
				GCC_WARN_UNINITIALIZED_AUTOS = YES_AGGRESSIVE;
				GCC_WARN_UNUSED_FUNCTION = YES;
				GCC_WARN_UNUSED_VARIABLE = YES;
				IPHONEOS_DEPLOYMENT_TARGET = 13.6;
				MTL_ENABLE_DEBUG_INFO = NO;
				MTL_FAST_MATH = YES;
				SDKROOT = iphoneos;
				SWIFT_COMPILATION_MODE = wholemodule;
				SWIFT_OPTIMIZATION_LEVEL = "-O";
				VALIDATE_PRODUCT = YES;
			};
			name = Release;
		};
		08551EAE258E5AC5003F1FE8 /* Debug */ = {
			isa = XCBuildConfiguration;
			buildSettings = {
				ASSETCATALOG_COMPILER_APPICON_NAME = AppIcon;
				CODE_SIGN_STYLE = Automatic;
				INFOPLIST_FILE = Padding/Info.plist;
				LD_RUNPATH_SEARCH_PATHS = (
					"$(inherited)",
					"@executable_path/Frameworks",
				);
				PRODUCT_BUNDLE_IDENTIFIER = com.vaibhavsharma.Padding;
				PRODUCT_NAME = "$(TARGET_NAME)";
				SWIFT_VERSION = 5.0;
				TARGETED_DEVICE_FAMILY = "1,2";
			};
			name = Debug;
		};
		08551EAF258E5AC5003F1FE8 /* Release */ = {
			isa = XCBuildConfiguration;
			buildSettings = {
				ASSETCATALOG_COMPILER_APPICON_NAME = AppIcon;
				CODE_SIGN_STYLE = Automatic;
				INFOPLIST_FILE = Padding/Info.plist;
				LD_RUNPATH_SEARCH_PATHS = (
					"$(inherited)",
					"@executable_path/Frameworks",
				);
				PRODUCT_BUNDLE_IDENTIFIER = com.vaibhavsharma.Padding;
				PRODUCT_NAME = "$(TARGET_NAME)";
				SWIFT_VERSION = 5.0;
				TARGETED_DEVICE_FAMILY = "1,2";
			};
			name = Release;
		};
/* End XCBuildConfiguration section */

/* Begin XCConfigurationList section */
		08551E94258E5AC2003F1FE8 /* Build configuration list for PBXProject "Padding" */ = {
			isa = XCConfigurationList;
			buildConfigurations = (
				08551EAB258E5AC5003F1FE8 /* Debug */,
				08551EAC258E5AC5003F1FE8 /* Release */,
			);
			defaultConfigurationIsVisible = 0;
			defaultConfigurationName = Release;
		};
		08551EAD258E5AC5003F1FE8 /* Build configuration list for PBXNativeTarget "Padding" */ = {
			isa = XCConfigurationList;
			buildConfigurations = (
				08551EAE258E5AC5003F1FE8 /* Debug */,
				08551EAF258E5AC5003F1FE8 /* Release */,
			);
			defaultConfigurationIsVisible = 0;
			defaultConfigurationName = Release;
		};
/* End XCConfigurationList section */
	};
	rootObject = 08551E91258E5AC2003F1FE8 /* Project object */;
}
